<?xml version="1.0" encoding="utf-8"?>
<Project ToolsVersion="4.0" xmlns="http://schemas.microsoft.com/developer/msbuild/2003">
  <ItemGroup>
    <Filter Include="Source Files">
      <UniqueIdentifier>{4FC737F1-C7A5-4376-A066-2A32D752A2FF}</UniqueIdentifier>
      <Extensions>cpp;c;cc;cxx;def;odl;idl;hpj;bat;asm;asmx</Extensions>
    </Filter>
    <Filter Include="Header Files">
      <UniqueIdentifier>{93995380-89BD-4b04-88EB-625FBE52EBFB}</UniqueIdentifier>
      <Extensions>h;hh;hpp;hxx;hm;inl;inc;ipp;xsd</Extensions>
    </Filter>
    <Filter Include="Resource Files">
      <UniqueIdentifier>{67DA6AB6-F800-4c08-8B7A-83BB121AAD01}</UniqueIdentifier>
      <Extensions>rc;ico;cur;bmp;dlg;rc2;rct;bin;rgs;gif;jpg;jpeg;jpe;resx;tiff;tif;png;wav;mfcribbon-ms</Extensions>
    </Filter>
  </ItemGroup>
  <ItemGroup>
    <ClInclude Include="npch.h">
      <Filter>Header Files</Filter>
    </ClInclude>
    <ClInclude Include="core\entry_point.h">
      <Filter>Header Files</Filter>
    </ClInclude>
    <ClInclude Include="core\application.h">
      <Filter>Header Files</Filter>
    </ClInclude>
    <ClInclude Include="nova.h">
      <Filter>Header Files</Filter>
    </ClInclude>
    <ClInclude Include="core\window.h">
      <Filter>Header Files</Filter>
    </ClInclude>
    <ClInclude Include="event\event.h">
      <Filter>Header Files</Filter>
    </ClInclude>
    <ClInclude Include="event\type.h">
      <Filter>Header Files</Filter>
    </ClInclude>
    <ClInclude Include="event\window.h">
      <Filter>Header Files</Filter>
    </ClInclude>
    <ClInclude Include="event\key.h">
      <Filter>Header Files</Filter>
    </ClInclude>
    <ClInclude Include="input\key.h">
      <Filter>Header Files</Filter>
    </ClInclude>
    <ClInclude Include="event\mouse.h">
      <Filter>Header Files</Filter>
    </ClInclude>
    <ClInclude Include="input\mouse.h">
      <Filter>Header Files</Filter>
    </ClInclude>
    <ClInclude Include="input\poll.h">
      <Filter>Header Files</Filter>
    </ClInclude>
    <ClInclude Include="render\buffer\buffer.h">
      <Filter>Header Files</Filter>
    </ClInclude>
    <ClInclude Include="render\buffer\type.h">
      <Filter>Header Files</Filter>
    </ClInclude>
    <ClInclude Include="render\shader.h">
      <Filter>Header Files</Filter>
    </ClInclude>
    <ClInclude Include="render\render.h">
      <Filter>Header Files</Filter>
    </ClInclude>
    <ClInclude Include="render\command.h">
      <Filter>Header Files</Filter>
    </ClInclude>
    <ClInclude Include="render\buffer\context.h">
      <Filter>Header Files</Filter>
    </ClInclude>
    <ClInclude Include="render\buffer\frame.h">
      <Filter>Header Files</Filter>
    </ClInclude>
    <ClInclude Include="render\texture.h">
      <Filter>Header Files</Filter>
    </ClInclude>
    <ClInclude Include="render\buffer\shader.h">
      <Filter>Header Files</Filter>
    </ClInclude>
    <ClInclude Include="dep\stblib\include\stb_image.h">
      <Filter>Header Files</Filter>
    </ClInclude>
    <ClInclude Include="core\deltatime.h">
      <Filter>Header Files</Filter>
    </ClInclude>
    <ClInclude Include="phys\random.h">
      <Filter>Header Files</Filter>
    </ClInclude>
    <ClInclude Include="fileio\shader.h">
      <Filter>Header Files</Filter>
    </ClInclude>
    <ClInclude Include="fileio\texture.h">
      <Filter>Header Files</Filter>
    </ClInclude>
    <ClInclude Include="render\render_batch.h">
      <Filter>Header Files</Filter>
    </ClInclude>
    <ClInclude Include="imp\gl\buffer\gl_buffer.h">
      <Filter>Header Files</Filter>
    </ClInclude>
    <ClInclude Include="imp\gl\buffer\gl_buffer_array.h">
      <Filter>Header Files</Filter>
    </ClInclude>
    <ClInclude Include="imp\gl\buffer\gl_buffer_frame.h">
      <Filter>Header Files</Filter>
    </ClInclude>
    <ClInclude Include="imp\gl\buffer\gl_buffer_shader.h">
      <Filter>Header Files</Filter>
    </ClInclude>
    <ClInclude Include="imp\gl\gl_shader.h">
      <Filter>Header Files</Filter>
    </ClInclude>
    <ClInclude Include="imp\gl\gl_texture.h">
      <Filter>Header Files</Filter>
    </ClInclude>
    <ClInclude Include="imp\gl\gl_window.h">
      <Filter>Header Files</Filter>
    </ClInclude>
    <ClInclude Include="render\draw\draw_quad.h">
      <Filter>Header Files</Filter>
    </ClInclude>
    <ClInclude Include="render\draw\draw.h">
      <Filter>Header Files</Filter>
    </ClInclude>
    <ClInclude Include="render\draw.h">
      <Filter>Header Files</Filter>
    </ClInclude>
    <ClInclude Include="render\camera.h">
      <Filter>Header Files</Filter>
    </ClInclude>
    <ClInclude Include="render\camera\ortho.h">
      <Filter>Header Files</Filter>
    </ClInclude>
    <ClInclude Include="render\buffer\uniform.h">
      <Filter>Header Files</Filter>
    </ClInclude>
    <ClInclude Include="imp\gl\buffer\gl_buffer_uniform.h">
      <Filter>Header Files</Filter>
    </ClInclude>
    <ClInclude Include="imp\gl\buffer\gl_buffer_interface.h">
      <Filter>Header Files</Filter>
    </ClInclude>
    <ClInclude Include="render\render_state.h">
      <Filter>Header Files</Filter>
    </ClInclude>
    <ClInclude Include="phys\lib.h">
      <Filter>Header Files</Filter>
    </ClInclude>
    <ClInclude Include="asset\library.h">
      <Filter>Header Files</Filter>
    </ClInclude>
    <ClInclude Include="asset\texture.h">
      <Filter>Header Files</Filter>
    </ClInclude>
    <ClInclude Include="asset\shader.h">
      <Filter>Header Files</Filter>
    </ClInclude>
    <ClInclude Include="asset\uniform.h">
      <Filter>Header Files</Filter>
    </ClInclude>
    <ClInclude Include="imp\gl\gl_helper.h">
      <Filter>Header Files</Filter>
    </ClInclude>
    <ClInclude Include="imp\gl\gl_init.h">
      <Filter>Header Files</Filter>
    </ClInclude>
    <ClInclude Include="gui\gui.h">
      <Filter>Header Files</Filter>
    </ClInclude>
    <ClInclude Include="imp\gl\gl_gui.h">
      <Filter>Header Files</Filter>
    </ClInclude>
    <ClInclude Include="imp\imgui\imgui_export.h">
      <Filter>Header Files</Filter>
    </ClInclude>
    <ClInclude Include="core\layer.h">
      <Filter>Header Files</Filter>
    </ClInclude>
  </ItemGroup>
  <ItemGroup>
    <ClCompile Include="core\application.cpp">
      <Filter>Source Files</Filter>
    </ClCompile>
    <ClCompile Include="core\pch.cpp">
      <Filter>Source Files</Filter>
    </ClCompile>
    <ClCompile Include="input\gl_codes.cpp">
      <Filter>Source Files</Filter>
    </ClCompile>
    <ClCompile Include="input\gl_poll.cpp">
      <Filter>Source Files</Filter>
    </ClCompile>
    <ClCompile Include="render\render.cpp">
      <Filter>Source Files</Filter>
    </ClCompile>
    <ClCompile Include="dep\stblib\stblib_image.cpp">
      <Filter>Source Files</Filter>
    </ClCompile>
    <ClCompile Include="core\deltatime.cpp">
      <Filter>Source Files</Filter>
    </ClCompile>
    <ClCompile Include="fileio\fio_shader.cpp">
      <Filter>Source Files</Filter>
    </ClCompile>
    <ClCompile Include="fileio\fio_texture.cpp">
      <Filter>Source Files</Filter>
    </ClCompile>
    <ClCompile Include="imp\gl\buffer\gl_buffer.cpp">
      <Filter>Source Files</Filter>
    </ClCompile>
    <ClCompile Include="imp\gl\buffer\gl_buffer_array.cpp">
      <Filter>Source Files</Filter>
    </ClCompile>
    <ClCompile Include="imp\gl\buffer\gl_buffer_frame.cpp">
      <Filter>Source Files</Filter>
    </ClCompile>
    <ClCompile Include="imp\gl\buffer\gl_buffer_shader.cpp">
      <Filter>Source Files</Filter>
    </ClCompile>
    <ClCompile Include="imp\gl\draw\gl_draw_quad.cpp">
      <Filter>Source Files</Filter>
    </ClCompile>
    <ClCompile Include="imp\gl\gl_render_command.cpp">
      <Filter>Source Files</Filter>
    </ClCompile>
    <ClCompile Include="imp\gl\gl_shader.cpp">
      <Filter>Source Files</Filter>
    </ClCompile>
    <ClCompile Include="imp\gl\gl_texture.cpp">
      <Filter>Source Files</Filter>
    </ClCompile>
    <ClCompile Include="imp\gl\gl_window.cpp">
      <Filter>Source Files</Filter>
    </ClCompile>
    <ClCompile Include="render\draw\draw_quad.cpp">
      <Filter>Source Files</Filter>
    </ClCompile>
    <ClCompile Include="render\camera\camera_ortho.cpp">
      <Filter>Source Files</Filter>
    </ClCompile>
    <ClCompile Include="imp\gl\buffer\gl_buffer_uniform.cpp">
      <Filter>Source Files</Filter>
    </ClCompile>
    <ClCompile Include="imp\gl\buffer\gl_buffer_interface.cpp">
      <Filter>Source Files</Filter>
    </ClCompile>
    <ClCompile Include="render\texture.cpp">
      <Filter>Source Files</Filter>
    </ClCompile>
    <ClCompile Include="phys\lib.cpp">
      <Filter>Source Files</Filter>
    </ClCompile>
    <ClCompile Include="asset\library.cpp">
      <Filter>Source Files</Filter>
    </ClCompile>
    <ClCompile Include="imp\gl\gl_helper.cpp">
      <Filter>Source Files</Filter>
    </ClCompile>
    <ClCompile Include="imp\gl\gl_init.cpp">
      <Filter>Source Files</Filter>
    </ClCompile>
    <ClCompile Include="gui\gui.cpp">
      <Filter>Source Files</Filter>
    </ClCompile>
    <ClCompile Include="imp\gl\gl_gui.cpp">
      <Filter>Source Files</Filter>
    </ClCompile>
    <ClCompile Include="imp\imgui\imgui_main.cpp">
      <Filter>Source Files</Filter>
    </ClCompile>
    <ClCompile Include="imp\imgui\imgui_draw.cpp">
      <Filter>Source Files</Filter>
    </ClCompile>
    <ClCompile Include="imp\imgui\imgui_plat.cpp">
      <Filter>Source Files</Filter>
    </ClCompile>
  </ItemGroup>
  <ItemGroup>
    <None Include="dep\.gitignore" />
    <None Include="Nova\res\shader\vertex.glsl" />
    <None Include="Nova\res\shader\frag.glsl" />
    <None Include="fileio\stblib\README.md" />
    <None Include="dep\README.md" />
    <None Include="dep\stblib\README.md" />
    <None Include="dep\glm\README.md" />
    <None Include="Nova\shader\draw\frag.glsl" />
    <None Include="Nova\shader\draw\quad.geom.glsl" />
    <None Include="Nova\shader\draw\vert.glsl" />
    <None Include="Nova\shader\main_render.glsl" />
  </ItemGroup>
  <ItemGroup>
    <Text Include="fileio\stblib\LICENSE.txt" />
    <Text Include="dep\stblib\LICENSE.txt" />
    <Text Include="dep\glm\LICENSE.txt" />
    <Text Include="todo.txt" />
  </ItemGroup>
</Project>